// !$*UTF8*$!
{
	archiveVersion = 1;
	classes = {
	};
	objectVersion = 56;
	objects = {

/* Begin PBXBuildFile section */
		4246460A2913E095005EB12A /* Navigation.swift in Sources */ = {isa = PBXBuildFile; fileRef = 424646092913E095005EB12A /* Navigation.swift */; };
		425AD0D029022D4700754114 /* UIColorScheme.swift in Sources */ = {isa = PBXBuildFile; fileRef = 425AD0CF29022D4700754114 /* UIColorScheme.swift */; };
		42836AE729116E7B00301DE5 /* PrimaryButton.swift in Sources */ = {isa = PBXBuildFile; fileRef = 42836AE629116E7B00301DE5 /* PrimaryButton.swift */; };
		42836AE929116EDC00301DE5 /* UIViewControllerExtension.swift in Sources */ = {isa = PBXBuildFile; fileRef = 42836AE829116EDC00301DE5 /* UIViewControllerExtension.swift */; };
		42836AED29117C1900301DE5 /* BottomBarView.swift in Sources */ = {isa = PBXBuildFile; fileRef = 42836AEC29117C1900301DE5 /* BottomBarView.swift */; };
		42836AEF29117D1900301DE5 /* HeadingLabel.swift in Sources */ = {isa = PBXBuildFile; fileRef = 42836AEE29117D1900301DE5 /* HeadingLabel.swift */; };
		42836AF129117D3A00301DE5 /* CaptionLabel.swift in Sources */ = {isa = PBXBuildFile; fileRef = 42836AF029117D3A00301DE5 /* CaptionLabel.swift */; };
		42836AF329118AF000301DE5 /* TopBarView.swift in Sources */ = {isa = PBXBuildFile; fileRef = 42836AF229118AF000301DE5 /* TopBarView.swift */; };
		42836AF529118B2200301DE5 /* TopBannerViewController.swift in Sources */ = {isa = PBXBuildFile; fileRef = 42836AF429118B2200301DE5 /* TopBannerViewController.swift */; };
		429C799529078D1700DF942A /* Baloo2-ExtraBold.ttf in Resources */ = {isa = PBXBuildFile; fileRef = 429C798F29078D1700DF942A /* Baloo2-ExtraBold.ttf */; };
		429C799629078D1700DF942A /* Baloo2-Bold.ttf in Resources */ = {isa = PBXBuildFile; fileRef = 429C799029078D1700DF942A /* Baloo2-Bold.ttf */; };
		429C799729078D1700DF942A /* Baloo2-SemiBold.ttf in Resources */ = {isa = PBXBuildFile; fileRef = 429C799129078D1700DF942A /* Baloo2-SemiBold.ttf */; };
		429C799829078D1700DF942A /* Baloo2-Regular.ttf in Resources */ = {isa = PBXBuildFile; fileRef = 429C799229078D1700DF942A /* Baloo2-Regular.ttf */; };
		429C799929078D1700DF942A /* Baloo2-Medium.ttf in Resources */ = {isa = PBXBuildFile; fileRef = 429C799329078D1700DF942A /* Baloo2-Medium.ttf */; };
		429C799A29078D1700DF942A /* OFL.txt in Resources */ = {isa = PBXBuildFile; fileRef = 429C799429078D1700DF942A /* OFL.txt */; };
		42D12D8029010F6C00857042 /* AppDelegate.swift in Sources */ = {isa = PBXBuildFile; fileRef = 42D12D7F29010F6C00857042 /* AppDelegate.swift */; };
		42D12D8229010F6C00857042 /* SceneDelegate.swift in Sources */ = {isa = PBXBuildFile; fileRef = 42D12D8129010F6C00857042 /* SceneDelegate.swift */; };
		42D12D8429010F6C00857042 /* ViewController.swift in Sources */ = {isa = PBXBuildFile; fileRef = 42D12D8329010F6C00857042 /* ViewController.swift */; };
		42D12D8A29010F6C00857042 /* Jeera.xcdatamodeld in Sources */ = {isa = PBXBuildFile; fileRef = 42D12D8829010F6C00857042 /* Jeera.xcdatamodeld */; };
		42D12D8C29010F6D00857042 /* Assets.xcassets in Resources */ = {isa = PBXBuildFile; fileRef = 42D12D8B29010F6D00857042 /* Assets.xcassets */; };
		42D12D9A29010F6D00857042 /* JeeraTests.swift in Sources */ = {isa = PBXBuildFile; fileRef = 42D12D9929010F6D00857042 /* JeeraTests.swift */; };
		42D12DA429010F6E00857042 /* JeeraUITests.swift in Sources */ = {isa = PBXBuildFile; fileRef = 42D12DA329010F6E00857042 /* JeeraUITests.swift */; };
		42D12DA629010F6E00857042 /* JeeraUITestsLaunchTests.swift in Sources */ = {isa = PBXBuildFile; fileRef = 42D12DA529010F6E00857042 /* JeeraUITestsLaunchTests.swift */; };
		42D12DB42901AD5600857042 /* MapboxCoreNavigation in Frameworks */ = {isa = PBXBuildFile; productRef = 42D12DB32901AD5600857042 /* MapboxCoreNavigation */; };
		42D12DB62901AD5600857042 /* MapboxNavigation in Frameworks */ = {isa = PBXBuildFile; productRef = 42D12DB52901AD5600857042 /* MapboxNavigation */; };
		42D12DBF2901B16300857042 /* Animals.swift in Sources */ = {isa = PBXBuildFile; fileRef = 42D12DBE2901B16300857042 /* Animals.swift */; };
		42D12DC72901B8DF00857042 /* CustomDayStyle.swift in Sources */ = {isa = PBXBuildFile; fileRef = 42D12DC62901B8DF00857042 /* CustomDayStyle.swift */; };
		42D12DC92901B93400857042 /* CustomNightStyle.swift in Sources */ = {isa = PBXBuildFile; fileRef = 42D12DC82901B93400857042 /* CustomNightStyle.swift */; };
		42D12DCB2901B9FB00857042 /* NavigateViewController.swift in Sources */ = {isa = PBXBuildFile; fileRef = 42D12DCA2901B9FB00857042 /* NavigateViewController.swift */; };
		42D2B3F429047A5A002818A9 /* UIViewExtension.swift in Sources */ = {isa = PBXBuildFile; fileRef = 42D2B3F329047A5A002818A9 /* UIViewExtension.swift */; };
		42D2B3F6290595ED002818A9 /* BottomBannerViewController.swift in Sources */ = {isa = PBXBuildFile; fileRef = 42D2B3F5290595ED002818A9 /* BottomBannerViewController.swift */; };
		4312457B290ABEF6003F7AB9 /* AnimalDetailViewController.swift in Sources */ = {isa = PBXBuildFile; fileRef = 4312457A290ABEF6003F7AB9 /* AnimalDetailViewController.swift */; };
		43133068291EB23C0097A850 /* AnimalsListViewController.swift in Sources */ = {isa = PBXBuildFile; fileRef = 43133067291EB23C0097A850 /* AnimalsListViewController.swift */; };
		4313306A291EC0910097A850 /* LoadingScreenUIView.swift in Sources */ = {isa = PBXBuildFile; fileRef = 43133069291EC0910097A850 /* LoadingScreenUIView.swift */; };
		4371E4512919440E00F3C2C2 /* RecommendationsTableViewCell.swift in Sources */ = {isa = PBXBuildFile; fileRef = 4371E4502919440E00F3C2C2 /* RecommendationsTableViewCell.swift */; };
		4371E456291951E000F3C2C2 /* FacilitiesTableViewCell.swift in Sources */ = {isa = PBXBuildFile; fileRef = 4371E455291951E000F3C2C2 /* FacilitiesTableViewCell.swift */; };
		4371E45A291956FF00F3C2C2 /* BasicModalLabel.swift in Sources */ = {isa = PBXBuildFile; fileRef = 4371E459291956FF00F3C2C2 /* BasicModalLabel.swift */; };
		4371E45C291957D000F3C2C2 /* HorizontalLineView.swift in Sources */ = {isa = PBXBuildFile; fileRef = 4371E45B291957D000F3C2C2 /* HorizontalLineView.swift */; };
		4373E8E4291016000016F810 /* UIImageExtension.swift in Sources */ = {isa = PBXBuildFile; fileRef = 4373E8E3291016000016F810 /* UIImageExtension.swift */; };
		4373E8E62910C4BB0016F810 /* UIButtonExtension.swift in Sources */ = {isa = PBXBuildFile; fileRef = 4373E8E52910C4BB0016F810 /* UIButtonExtension.swift */; };
		4373E8E82910CD7F0016F810 /* SegmentedControl.swift in Sources */ = {isa = PBXBuildFile; fileRef = 4373E8E72910CD7F0016F810 /* SegmentedControl.swift */; };
		4373E8EC291142390016F810 /* MonkeyLocationButton.swift in Sources */ = {isa = PBXBuildFile; fileRef = 4373E8EB291142390016F810 /* MonkeyLocationButton.swift */; };
		4373E8EE2911534D0016F810 /* SearchButton.swift in Sources */ = {isa = PBXBuildFile; fileRef = 4373E8ED2911534D0016F810 /* SearchButton.swift */; };
		4373E8F2291175C40016F810 /* SearchViewController.swift in Sources */ = {isa = PBXBuildFile; fileRef = 4373E8F1291175C40016F810 /* SearchViewController.swift */; };
		4373E8F42912C3430016F810 /* Facilities.swift in Sources */ = {isa = PBXBuildFile; fileRef = 4373E8F32912C3430016F810 /* Facilities.swift */; };
		4373E8F62912C4A60016F810 /* Cages.swift in Sources */ = {isa = PBXBuildFile; fileRef = 4373E8F52912C4A60016F810 /* Cages.swift */; };
		4373E8F9291363E40016F810 /* Map.swift in Sources */ = {isa = PBXBuildFile; fileRef = 4373E8F8291363E40016F810 /* Map.swift */; };
		4373E8FB29141DFA0016F810 /* AllDataTypes.swift in Sources */ = {isa = PBXBuildFile; fileRef = 4373E8FA29141DFA0016F810 /* AllDataTypes.swift */; };
		437D008A2907A623005EB501 /* MainViewController.swift in Sources */ = {isa = PBXBuildFile; fileRef = 437D00892907A623005EB501 /* MainViewController.swift */; };
		437D008C2907A66A005EB501 /* OverviewCardView.swift in Sources */ = {isa = PBXBuildFile; fileRef = 437D008B2907A66A005EB501 /* OverviewCardView.swift */; };
		437D008F2907A69A005EB501 /* MapsHelper.swift in Sources */ = {isa = PBXBuildFile; fileRef = 437D008E2907A69A005EB501 /* MapsHelper.swift */; };
		437D00912907A6B7005EB501 /* Constants.swift in Sources */ = {isa = PBXBuildFile; fileRef = 437D00902907A6B7005EB501 /* Constants.swift */; };
		439F90F3291A9D7A00320C17 /* MainViewControllerExtension.swift in Sources */ = {isa = PBXBuildFile; fileRef = 439F90F2291A9D7A00320C17 /* MainViewControllerExtension.swift */; };
		439F90F7291B567500320C17 /* OutlinedButton.swift in Sources */ = {isa = PBXBuildFile; fileRef = 439F90F6291B567500320C17 /* OutlinedButton.swift */; };
		43FDF1742916C3A200DAD0DA /* SearchBar.swift in Sources */ = {isa = PBXBuildFile; fileRef = 43FDF1732916C3A200DAD0DA /* SearchBar.swift */; };
		43FDF1762916C56600DAD0DA /* BasicTableViewCell.swift in Sources */ = {isa = PBXBuildFile; fileRef = 43FDF1752916C56600DAD0DA /* BasicTableViewCell.swift */; };
		43FDF17A2917FE6E00DAD0DA /* ClusterName.swift in Sources */ = {isa = PBXBuildFile; fileRef = 43FDF1792917FE6E00DAD0DA /* ClusterName.swift */; };
		43FDF17F291800BA00DAD0DA /* BackButton.swift in Sources */ = {isa = PBXBuildFile; fileRef = 43FDF17E291800BA00DAD0DA /* BackButton.swift */; };
		43FDF181291801E500DAD0DA /* DetailLabel.swift in Sources */ = {isa = PBXBuildFile; fileRef = 43FDF180291801E500DAD0DA /* DetailLabel.swift */; };
		43FDF1832918031B00DAD0DA /* DetailStackView.swift in Sources */ = {isa = PBXBuildFile; fileRef = 43FDF1822918031B00DAD0DA /* DetailStackView.swift */; };
		43FDF185291803DD00DAD0DA /* StartJourneyButton.swift in Sources */ = {isa = PBXBuildFile; fileRef = 43FDF184291803DD00DAD0DA /* StartJourneyButton.swift */; };
		43FDF187291804B700DAD0DA /* DetailInformationLabel.swift in Sources */ = {isa = PBXBuildFile; fileRef = 43FDF186291804B700DAD0DA /* DetailInformationLabel.swift */; };
		5712371F291027B900FB4F9E /* Settings.bundle in Resources */ = {isa = PBXBuildFile; fileRef = 5712371E291027B900FB4F9E /* Settings.bundle */; };
/* End PBXBuildFile section */

/* Begin PBXContainerItemProxy section */
		42D12D9629010F6D00857042 /* PBXContainerItemProxy */ = {
			isa = PBXContainerItemProxy;
			containerPortal = 42D12D7429010F6C00857042 /* Project object */;
			proxyType = 1;
			remoteGlobalIDString = 42D12D7B29010F6C00857042;
			remoteInfo = Jeera;
		};
		42D12DA029010F6E00857042 /* PBXContainerItemProxy */ = {
			isa = PBXContainerItemProxy;
			containerPortal = 42D12D7429010F6C00857042 /* Project object */;
			proxyType = 1;
			remoteGlobalIDString = 42D12D7B29010F6C00857042;
			remoteInfo = Jeera;
		};
/* End PBXContainerItemProxy section */

/* Begin PBXFileReference section */
		424646092913E095005EB12A /* Navigation.swift */ = {isa = PBXFileReference; lastKnownFileType = sourcecode.swift; path = Navigation.swift; sourceTree = "<group>"; };
		425AD0CF29022D4700754114 /* UIColorScheme.swift */ = {isa = PBXFileReference; lastKnownFileType = sourcecode.swift; path = UIColorScheme.swift; sourceTree = "<group>"; };
		42836AE629116E7B00301DE5 /* PrimaryButton.swift */ = {isa = PBXFileReference; lastKnownFileType = sourcecode.swift; path = PrimaryButton.swift; sourceTree = "<group>"; };
		42836AE829116EDC00301DE5 /* UIViewControllerExtension.swift */ = {isa = PBXFileReference; lastKnownFileType = sourcecode.swift; path = UIViewControllerExtension.swift; sourceTree = "<group>"; };
		42836AEC29117C1900301DE5 /* BottomBarView.swift */ = {isa = PBXFileReference; lastKnownFileType = sourcecode.swift; path = BottomBarView.swift; sourceTree = "<group>"; };
		42836AEE29117D1900301DE5 /* HeadingLabel.swift */ = {isa = PBXFileReference; lastKnownFileType = sourcecode.swift; path = HeadingLabel.swift; sourceTree = "<group>"; };
		42836AF029117D3A00301DE5 /* CaptionLabel.swift */ = {isa = PBXFileReference; lastKnownFileType = sourcecode.swift; path = CaptionLabel.swift; sourceTree = "<group>"; };
		42836AF229118AF000301DE5 /* TopBarView.swift */ = {isa = PBXFileReference; lastKnownFileType = sourcecode.swift; path = TopBarView.swift; sourceTree = "<group>"; };
		42836AF429118B2200301DE5 /* TopBannerViewController.swift */ = {isa = PBXFileReference; lastKnownFileType = sourcecode.swift; path = TopBannerViewController.swift; sourceTree = "<group>"; };
		429C798F29078D1700DF942A /* Baloo2-ExtraBold.ttf */ = {isa = PBXFileReference; lastKnownFileType = file; path = "Baloo2-ExtraBold.ttf"; sourceTree = "<group>"; };
		429C799029078D1700DF942A /* Baloo2-Bold.ttf */ = {isa = PBXFileReference; lastKnownFileType = file; path = "Baloo2-Bold.ttf"; sourceTree = "<group>"; };
		429C799129078D1700DF942A /* Baloo2-SemiBold.ttf */ = {isa = PBXFileReference; lastKnownFileType = file; path = "Baloo2-SemiBold.ttf"; sourceTree = "<group>"; };
		429C799229078D1700DF942A /* Baloo2-Regular.ttf */ = {isa = PBXFileReference; lastKnownFileType = file; path = "Baloo2-Regular.ttf"; sourceTree = "<group>"; };
		429C799329078D1700DF942A /* Baloo2-Medium.ttf */ = {isa = PBXFileReference; lastKnownFileType = file; path = "Baloo2-Medium.ttf"; sourceTree = "<group>"; };
		429C799429078D1700DF942A /* OFL.txt */ = {isa = PBXFileReference; fileEncoding = 4; lastKnownFileType = text; path = OFL.txt; sourceTree = "<group>"; };
		42D12D7C29010F6C00857042 /* Jeera.app */ = {isa = PBXFileReference; explicitFileType = wrapper.application; includeInIndex = 0; path = Jeera.app; sourceTree = BUILT_PRODUCTS_DIR; };
		42D12D7F29010F6C00857042 /* AppDelegate.swift */ = {isa = PBXFileReference; lastKnownFileType = sourcecode.swift; path = AppDelegate.swift; sourceTree = "<group>"; };
		42D12D8129010F6C00857042 /* SceneDelegate.swift */ = {isa = PBXFileReference; lastKnownFileType = sourcecode.swift; path = SceneDelegate.swift; sourceTree = "<group>"; };
		42D12D8329010F6C00857042 /* ViewController.swift */ = {isa = PBXFileReference; lastKnownFileType = sourcecode.swift; path = ViewController.swift; sourceTree = "<group>"; };
		42D12D8929010F6C00857042 /* Jeera.xcdatamodel */ = {isa = PBXFileReference; lastKnownFileType = wrapper.xcdatamodel; path = Jeera.xcdatamodel; sourceTree = "<group>"; };
		42D12D8B29010F6D00857042 /* Assets.xcassets */ = {isa = PBXFileReference; lastKnownFileType = folder.assetcatalog; path = Assets.xcassets; sourceTree = "<group>"; };
		42D12D9029010F6D00857042 /* Info.plist */ = {isa = PBXFileReference; lastKnownFileType = text.plist.xml; path = Info.plist; sourceTree = "<group>"; };
		42D12D9529010F6D00857042 /* JeeraTests.xctest */ = {isa = PBXFileReference; explicitFileType = wrapper.cfbundle; includeInIndex = 0; path = JeeraTests.xctest; sourceTree = BUILT_PRODUCTS_DIR; };
		42D12D9929010F6D00857042 /* JeeraTests.swift */ = {isa = PBXFileReference; lastKnownFileType = sourcecode.swift; path = JeeraTests.swift; sourceTree = "<group>"; };
		42D12D9F29010F6E00857042 /* JeeraUITests.xctest */ = {isa = PBXFileReference; explicitFileType = wrapper.cfbundle; includeInIndex = 0; path = JeeraUITests.xctest; sourceTree = BUILT_PRODUCTS_DIR; };
		42D12DA329010F6E00857042 /* JeeraUITests.swift */ = {isa = PBXFileReference; lastKnownFileType = sourcecode.swift; path = JeeraUITests.swift; sourceTree = "<group>"; };
		42D12DA529010F6E00857042 /* JeeraUITestsLaunchTests.swift */ = {isa = PBXFileReference; lastKnownFileType = sourcecode.swift; path = JeeraUITestsLaunchTests.swift; sourceTree = "<group>"; };
		42D12DBE2901B16300857042 /* Animals.swift */ = {isa = PBXFileReference; lastKnownFileType = sourcecode.swift; path = Animals.swift; sourceTree = "<group>"; };
		42D12DC62901B8DF00857042 /* CustomDayStyle.swift */ = {isa = PBXFileReference; lastKnownFileType = sourcecode.swift; path = CustomDayStyle.swift; sourceTree = "<group>"; };
		42D12DC82901B93400857042 /* CustomNightStyle.swift */ = {isa = PBXFileReference; lastKnownFileType = sourcecode.swift; path = CustomNightStyle.swift; sourceTree = "<group>"; };
		42D12DCA2901B9FB00857042 /* NavigateViewController.swift */ = {isa = PBXFileReference; lastKnownFileType = sourcecode.swift; path = NavigateViewController.swift; sourceTree = "<group>"; };
		42D2B3F329047A5A002818A9 /* UIViewExtension.swift */ = {isa = PBXFileReference; lastKnownFileType = sourcecode.swift; path = UIViewExtension.swift; sourceTree = "<group>"; };
		42D2B3F5290595ED002818A9 /* BottomBannerViewController.swift */ = {isa = PBXFileReference; lastKnownFileType = sourcecode.swift; path = BottomBannerViewController.swift; sourceTree = "<group>"; };
		4312457A290ABEF6003F7AB9 /* AnimalDetailViewController.swift */ = {isa = PBXFileReference; lastKnownFileType = sourcecode.swift; path = AnimalDetailViewController.swift; sourceTree = "<group>"; };
		43133067291EB23C0097A850 /* AnimalsListViewController.swift */ = {isa = PBXFileReference; lastKnownFileType = sourcecode.swift; path = AnimalsListViewController.swift; sourceTree = "<group>"; };
		43133069291EC0910097A850 /* LoadingScreenUIView.swift */ = {isa = PBXFileReference; lastKnownFileType = sourcecode.swift; path = LoadingScreenUIView.swift; sourceTree = "<group>"; };
		4371E4502919440E00F3C2C2 /* RecommendationsTableViewCell.swift */ = {isa = PBXFileReference; lastKnownFileType = sourcecode.swift; path = RecommendationsTableViewCell.swift; sourceTree = "<group>"; };
		4371E455291951E000F3C2C2 /* FacilitiesTableViewCell.swift */ = {isa = PBXFileReference; lastKnownFileType = sourcecode.swift; path = FacilitiesTableViewCell.swift; sourceTree = "<group>"; };
		4371E459291956FF00F3C2C2 /* BasicModalLabel.swift */ = {isa = PBXFileReference; lastKnownFileType = sourcecode.swift; path = BasicModalLabel.swift; sourceTree = "<group>"; };
		4371E45B291957D000F3C2C2 /* HorizontalLineView.swift */ = {isa = PBXFileReference; lastKnownFileType = sourcecode.swift; path = HorizontalLineView.swift; sourceTree = "<group>"; };
		4373E8E3291016000016F810 /* UIImageExtension.swift */ = {isa = PBXFileReference; lastKnownFileType = sourcecode.swift; path = UIImageExtension.swift; sourceTree = "<group>"; };
		4373E8E52910C4BB0016F810 /* UIButtonExtension.swift */ = {isa = PBXFileReference; lastKnownFileType = sourcecode.swift; path = UIButtonExtension.swift; sourceTree = "<group>"; };
		4373E8E72910CD7F0016F810 /* SegmentedControl.swift */ = {isa = PBXFileReference; lastKnownFileType = sourcecode.swift; path = SegmentedControl.swift; sourceTree = "<group>"; };
		4373E8EB291142390016F810 /* MonkeyLocationButton.swift */ = {isa = PBXFileReference; lastKnownFileType = sourcecode.swift; path = MonkeyLocationButton.swift; sourceTree = "<group>"; };
		4373E8ED2911534D0016F810 /* SearchButton.swift */ = {isa = PBXFileReference; lastKnownFileType = sourcecode.swift; path = SearchButton.swift; sourceTree = "<group>"; };
		4373E8F1291175C40016F810 /* SearchViewController.swift */ = {isa = PBXFileReference; lastKnownFileType = sourcecode.swift; path = SearchViewController.swift; sourceTree = "<group>"; };
		4373E8F32912C3430016F810 /* Facilities.swift */ = {isa = PBXFileReference; lastKnownFileType = sourcecode.swift; path = Facilities.swift; sourceTree = "<group>"; };
		4373E8F52912C4A60016F810 /* Cages.swift */ = {isa = PBXFileReference; lastKnownFileType = sourcecode.swift; path = Cages.swift; sourceTree = "<group>"; };
		4373E8F8291363E40016F810 /* Map.swift */ = {isa = PBXFileReference; lastKnownFileType = sourcecode.swift; path = Map.swift; sourceTree = "<group>"; };
		4373E8FA29141DFA0016F810 /* AllDataTypes.swift */ = {isa = PBXFileReference; lastKnownFileType = sourcecode.swift; path = AllDataTypes.swift; sourceTree = "<group>"; };
		437D00892907A623005EB501 /* MainViewController.swift */ = {isa = PBXFileReference; lastKnownFileType = sourcecode.swift; path = MainViewController.swift; sourceTree = "<group>"; };
		437D008B2907A66A005EB501 /* OverviewCardView.swift */ = {isa = PBXFileReference; lastKnownFileType = sourcecode.swift; path = OverviewCardView.swift; sourceTree = "<group>"; };
		437D008E2907A69A005EB501 /* MapsHelper.swift */ = {isa = PBXFileReference; lastKnownFileType = sourcecode.swift; path = MapsHelper.swift; sourceTree = "<group>"; };
		437D00902907A6B7005EB501 /* Constants.swift */ = {isa = PBXFileReference; lastKnownFileType = sourcecode.swift; path = Constants.swift; sourceTree = "<group>"; };
		439F90F2291A9D7A00320C17 /* MainViewControllerExtension.swift */ = {isa = PBXFileReference; lastKnownFileType = sourcecode.swift; path = MainViewControllerExtension.swift; sourceTree = "<group>"; };
		439F90F6291B567500320C17 /* OutlinedButton.swift */ = {isa = PBXFileReference; lastKnownFileType = sourcecode.swift; path = OutlinedButton.swift; sourceTree = "<group>"; };
		43FDF1732916C3A200DAD0DA /* SearchBar.swift */ = {isa = PBXFileReference; lastKnownFileType = sourcecode.swift; path = SearchBar.swift; sourceTree = "<group>"; };
		43FDF1752916C56600DAD0DA /* BasicTableViewCell.swift */ = {isa = PBXFileReference; lastKnownFileType = sourcecode.swift; path = BasicTableViewCell.swift; sourceTree = "<group>"; };
		43FDF1792917FE6E00DAD0DA /* ClusterName.swift */ = {isa = PBXFileReference; lastKnownFileType = sourcecode.swift; path = ClusterName.swift; sourceTree = "<group>"; };
		43FDF17E291800BA00DAD0DA /* BackButton.swift */ = {isa = PBXFileReference; lastKnownFileType = sourcecode.swift; path = BackButton.swift; sourceTree = "<group>"; };
		43FDF180291801E500DAD0DA /* DetailLabel.swift */ = {isa = PBXFileReference; lastKnownFileType = sourcecode.swift; path = DetailLabel.swift; sourceTree = "<group>"; };
		43FDF1822918031B00DAD0DA /* DetailStackView.swift */ = {isa = PBXFileReference; lastKnownFileType = sourcecode.swift; path = DetailStackView.swift; sourceTree = "<group>"; };
		43FDF184291803DD00DAD0DA /* StartJourneyButton.swift */ = {isa = PBXFileReference; lastKnownFileType = sourcecode.swift; path = StartJourneyButton.swift; sourceTree = "<group>"; };
		43FDF186291804B700DAD0DA /* DetailInformationLabel.swift */ = {isa = PBXFileReference; lastKnownFileType = sourcecode.swift; path = DetailInformationLabel.swift; sourceTree = "<group>"; };
		5712371E291027B900FB4F9E /* Settings.bundle */ = {isa = PBXFileReference; lastKnownFileType = "wrapper.plug-in"; path = Settings.bundle; sourceTree = "<group>"; };
/* End PBXFileReference section */

/* Begin PBXFrameworksBuildPhase section */
		42D12D7929010F6C00857042 /* Frameworks */ = {
			isa = PBXFrameworksBuildPhase;
			buildActionMask = 2147483647;
			files = (
				42D12DB42901AD5600857042 /* MapboxCoreNavigation in Frameworks */,
				42D12DB62901AD5600857042 /* MapboxNavigation in Frameworks */,
			);
			runOnlyForDeploymentPostprocessing = 0;
		};
		42D12D9229010F6D00857042 /* Frameworks */ = {
			isa = PBXFrameworksBuildPhase;
			buildActionMask = 2147483647;
			files = (
			);
			runOnlyForDeploymentPostprocessing = 0;
		};
		42D12D9C29010F6E00857042 /* Frameworks */ = {
			isa = PBXFrameworksBuildPhase;
			buildActionMask = 2147483647;
			files = (
			);
			runOnlyForDeploymentPostprocessing = 0;
		};
/* End PBXFrameworksBuildPhase section */

/* Begin PBXGroup section */
		429C798D2907896800DF942A /* Assets */ = {
			isa = PBXGroup;
			children = (
				429C798E29078A2A00DF942A /* Fonts */,
			);
			path = Assets;
			sourceTree = "<group>";
		};
		429C798E29078A2A00DF942A /* Fonts */ = {
			isa = PBXGroup;
			children = (
				429C799029078D1700DF942A /* Baloo2-Bold.ttf */,
				429C798F29078D1700DF942A /* Baloo2-ExtraBold.ttf */,
				429C799329078D1700DF942A /* Baloo2-Medium.ttf */,
				429C799229078D1700DF942A /* Baloo2-Regular.ttf */,
				429C799129078D1700DF942A /* Baloo2-SemiBold.ttf */,
				429C799429078D1700DF942A /* OFL.txt */,
			);
			path = Fonts;
			sourceTree = "<group>";
		};
		42D12D7329010F6C00857042 = {
			isa = PBXGroup;
			children = (
				42D12D7E29010F6C00857042 /* Jeera */,
				42D12D9829010F6D00857042 /* JeeraTests */,
				42D12DA229010F6E00857042 /* JeeraUITests */,
				42D12D7D29010F6C00857042 /* Products */,
			);
			sourceTree = "<group>";
		};
		42D12D7D29010F6C00857042 /* Products */ = {
			isa = PBXGroup;
			children = (
				42D12D7C29010F6C00857042 /* Jeera.app */,
				42D12D9529010F6D00857042 /* JeeraTests.xctest */,
				42D12D9F29010F6E00857042 /* JeeraUITests.xctest */,
			);
			name = Products;
			sourceTree = "<group>";
		};
		42D12D7E29010F6C00857042 /* Jeera */ = {
			isa = PBXGroup;
			children = (
				437D008D2907A681005EB501 /* Helpers */,
				429C798D2907896800DF942A /* Assets */,
				42D12DB72901B0BC00857042 /* Services */,
				42D12DB82901B0C400857042 /* Models */,
				42D12DB92901B0CB00857042 /* Views */,
				42D12D7F29010F6C00857042 /* AppDelegate.swift */,
				42D12D8129010F6C00857042 /* SceneDelegate.swift */,
				42D12D8329010F6C00857042 /* ViewController.swift */,
				42D12D8B29010F6D00857042 /* Assets.xcassets */,
				42D12D9029010F6D00857042 /* Info.plist */,
				42D12D8829010F6C00857042 /* Jeera.xcdatamodeld */,
				5712371E291027B900FB4F9E /* Settings.bundle */,
			);
			path = Jeera;
			sourceTree = "<group>";
		};
		42D12D9829010F6D00857042 /* JeeraTests */ = {
			isa = PBXGroup;
			children = (
				42D12D9929010F6D00857042 /* JeeraTests.swift */,
			);
			path = JeeraTests;
			sourceTree = "<group>";
		};
		42D12DA229010F6E00857042 /* JeeraUITests */ = {
			isa = PBXGroup;
			children = (
				42D12DA329010F6E00857042 /* JeeraUITests.swift */,
				42D12DA529010F6E00857042 /* JeeraUITestsLaunchTests.swift */,
			);
			path = JeeraUITests;
			sourceTree = "<group>";
		};
		42D12DB72901B0BC00857042 /* Services */ = {
			isa = PBXGroup;
			children = (
				42D2B3F72905A263002818A9 /* Extension */,
			);
			path = Services;
			sourceTree = "<group>";
		};
		42D12DB82901B0C400857042 /* Models */ = {
			isa = PBXGroup;
			children = (
				42D12DBE2901B16300857042 /* Animals.swift */,
				4373E8F32912C3430016F810 /* Facilities.swift */,
				4373E8F52912C4A60016F810 /* Cages.swift */,
				4373E8FA29141DFA0016F810 /* AllDataTypes.swift */,
			);
			path = Models;
			sourceTree = "<group>";
		};
		42D12DB92901B0CB00857042 /* Views */ = {
			isa = PBXGroup;
			children = (
				42D12DBB2901B10500857042 /* Components */,
				42D12DBC2901B10E00857042 /* Views */,
				42D12DBD2901B11A00857042 /* Controllers */,
			);
			path = Views;
			sourceTree = "<group>";
		};
		42D12DBB2901B10500857042 /* Components */ = {
			isa = PBXGroup;
			children = (
				43FDF17D2918002700DAD0DA /* AnimalDetailView */,
				43FDF17C2918000200DAD0DA /* SearchModal */,
				43FDF17B2917FFD700DAD0DA /* MainView */,
				42836AE629116E7B00301DE5 /* PrimaryButton.swift */,
				43FDF17E291800BA00DAD0DA /* BackButton.swift */,
				439F90F6291B567500320C17 /* OutlinedButton.swift */,
				42836AEE29117D1900301DE5 /* HeadingLabel.swift */,
				42836AF029117D3A00301DE5 /* CaptionLabel.swift */,
			);
			path = Components;
			sourceTree = "<group>";
		};
		42D12DBC2901B10E00857042 /* Views */ = {
			isa = PBXGroup;
			children = (
				4373E8F72913639F0016F810 /* Map */,
				42D12DCC2901BA7100857042 /* Navigate */,
			);
			path = Views;
			sourceTree = "<group>";
		};
		42D12DBD2901B11A00857042 /* Controllers */ = {
			isa = PBXGroup;
			children = (
				42D12DCA2901B9FB00857042 /* NavigateViewController.swift */,
				42D2B3F5290595ED002818A9 /* BottomBannerViewController.swift */,
				437D00892907A623005EB501 /* MainViewController.swift */,
				43133067291EB23C0097A850 /* AnimalsListViewController.swift */,
				4312457A290ABEF6003F7AB9 /* AnimalDetailViewController.swift */,
				4373E8F1291175C40016F810 /* SearchViewController.swift */,
				42836AF429118B2200301DE5 /* TopBannerViewController.swift */,
				424646092913E095005EB12A /* Navigation.swift */,
			);
			path = Controllers;
			sourceTree = "<group>";
		};
		42D12DCC2901BA7100857042 /* Navigate */ = {
			isa = PBXGroup;
			children = (
				42D12DC62901B8DF00857042 /* CustomDayStyle.swift */,
				42D12DC82901B93400857042 /* CustomNightStyle.swift */,
				42836AEC29117C1900301DE5 /* BottomBarView.swift */,
				42836AF229118AF000301DE5 /* TopBarView.swift */,
			);
			path = Navigate;
			sourceTree = "<group>";
		};
		42D2B3F72905A263002818A9 /* Extension */ = {
			isa = PBXGroup;
			children = (
				42D2B3F329047A5A002818A9 /* UIViewExtension.swift */,
				42836AE829116EDC00301DE5 /* UIViewControllerExtension.swift */,
				425AD0CF29022D4700754114 /* UIColorScheme.swift */,
				4373E8E3291016000016F810 /* UIImageExtension.swift */,
				4373E8E52910C4BB0016F810 /* UIButtonExtension.swift */,
				439F90F2291A9D7A00320C17 /* MainViewControllerExtension.swift */,
			);
			path = Extension;
			sourceTree = "<group>";
		};
		4373E8F72913639F0016F810 /* Map */ = {
			isa = PBXGroup;
			children = (
				4373E8F8291363E40016F810 /* Map.swift */,
			);
			path = Map;
			sourceTree = "<group>";
		};
		437D008D2907A681005EB501 /* Helpers */ = {
			isa = PBXGroup;
			children = (
				437D008E2907A69A005EB501 /* MapsHelper.swift */,
				437D00902907A6B7005EB501 /* Constants.swift */,
				43FDF1792917FE6E00DAD0DA /* ClusterName.swift */,
			);
			path = Helpers;
			sourceTree = "<group>";
		};
		43FDF17B2917FFD700DAD0DA /* MainView */ = {
			isa = PBXGroup;
			children = (
				4373E8ED2911534D0016F810 /* SearchButton.swift */,
				43133069291EC0910097A850 /* LoadingScreenUIView.swift */,
				437D008B2907A66A005EB501 /* OverviewCardView.swift */,
				4373E8E72910CD7F0016F810 /* SegmentedControl.swift */,
				4373E8EB291142390016F810 /* MonkeyLocationButton.swift */,
			);
			path = MainView;
			sourceTree = "<group>";
		};
		43FDF17C2918000200DAD0DA /* SearchModal */ = {
			isa = PBXGroup;
			children = (
				43FDF1752916C56600DAD0DA /* BasicTableViewCell.swift */,
				4371E459291956FF00F3C2C2 /* BasicModalLabel.swift */,
				4371E4502919440E00F3C2C2 /* RecommendationsTableViewCell.swift */,
				4371E455291951E000F3C2C2 /* FacilitiesTableViewCell.swift */,
				43FDF1732916C3A200DAD0DA /* SearchBar.swift */,
				4371E45B291957D000F3C2C2 /* HorizontalLineView.swift */,
			);
			path = SearchModal;
			sourceTree = "<group>";
		};
		43FDF17D2918002700DAD0DA /* AnimalDetailView */ = {
			isa = PBXGroup;
			children = (
				43FDF180291801E500DAD0DA /* DetailLabel.swift */,
				43FDF1822918031B00DAD0DA /* DetailStackView.swift */,
				43FDF184291803DD00DAD0DA /* StartJourneyButton.swift */,
				43FDF186291804B700DAD0DA /* DetailInformationLabel.swift */,
			);
			path = AnimalDetailView;
			sourceTree = "<group>";
		};
/* End PBXGroup section */

/* Begin PBXNativeTarget section */
		42D12D7B29010F6C00857042 /* Jeera */ = {
			isa = PBXNativeTarget;
			buildConfigurationList = 42D12DA929010F6E00857042 /* Build configuration list for PBXNativeTarget "Jeera" */;
			buildPhases = (
				42D12D7829010F6C00857042 /* Sources */,
				42D12D7929010F6C00857042 /* Frameworks */,
				42D12D7A29010F6C00857042 /* Resources */,
			);
			buildRules = (
			);
			dependencies = (
			);
			name = Jeera;
			packageProductDependencies = (
				42D12DB32901AD5600857042 /* MapboxCoreNavigation */,
				42D12DB52901AD5600857042 /* MapboxNavigation */,
			);
			productName = Jeera;
			productReference = 42D12D7C29010F6C00857042 /* Jeera.app */;
			productType = "com.apple.product-type.application";
		};
		42D12D9429010F6D00857042 /* JeeraTests */ = {
			isa = PBXNativeTarget;
			buildConfigurationList = 42D12DAC29010F6E00857042 /* Build configuration list for PBXNativeTarget "JeeraTests" */;
			buildPhases = (
				42D12D9129010F6D00857042 /* Sources */,
				42D12D9229010F6D00857042 /* Frameworks */,
				42D12D9329010F6D00857042 /* Resources */,
			);
			buildRules = (
			);
			dependencies = (
				42D12D9729010F6D00857042 /* PBXTargetDependency */,
			);
			name = JeeraTests;
			productName = JeeraTests;
			productReference = 42D12D9529010F6D00857042 /* JeeraTests.xctest */;
			productType = "com.apple.product-type.bundle.unit-test";
		};
		42D12D9E29010F6E00857042 /* JeeraUITests */ = {
			isa = PBXNativeTarget;
			buildConfigurationList = 42D12DAF29010F6E00857042 /* Build configuration list for PBXNativeTarget "JeeraUITests" */;
			buildPhases = (
				42D12D9B29010F6E00857042 /* Sources */,
				42D12D9C29010F6E00857042 /* Frameworks */,
				42D12D9D29010F6E00857042 /* Resources */,
			);
			buildRules = (
			);
			dependencies = (
				42D12DA129010F6E00857042 /* PBXTargetDependency */,
			);
			name = JeeraUITests;
			productName = JeeraUITests;
			productReference = 42D12D9F29010F6E00857042 /* JeeraUITests.xctest */;
			productType = "com.apple.product-type.bundle.ui-testing";
		};
/* End PBXNativeTarget section */

/* Begin PBXProject section */
		42D12D7429010F6C00857042 /* Project object */ = {
			isa = PBXProject;
			attributes = {
				BuildIndependentTargetsInParallel = 1;
				LastSwiftUpdateCheck = 1400;
				LastUpgradeCheck = 1400;
				TargetAttributes = {
					42D12D7B29010F6C00857042 = {
						CreatedOnToolsVersion = 14.0.1;
					};
					42D12D9429010F6D00857042 = {
						CreatedOnToolsVersion = 14.0.1;
						TestTargetID = 42D12D7B29010F6C00857042;
					};
					42D12D9E29010F6E00857042 = {
						CreatedOnToolsVersion = 14.0.1;
						TestTargetID = 42D12D7B29010F6C00857042;
					};
				};
			};
			buildConfigurationList = 42D12D7729010F6C00857042 /* Build configuration list for PBXProject "Jeera" */;
			compatibilityVersion = "Xcode 14.0";
			developmentRegion = en;
			hasScannedForEncodings = 0;
			knownRegions = (
				en,
				Base,
			);
			mainGroup = 42D12D7329010F6C00857042;
			packageReferences = (
				42D12DB22901AD5600857042 /* XCRemoteSwiftPackageReference "mapbox-navigation-ios" */,
			);
			productRefGroup = 42D12D7D29010F6C00857042 /* Products */;
			projectDirPath = "";
			projectRoot = "";
			targets = (
				42D12D7B29010F6C00857042 /* Jeera */,
				42D12D9429010F6D00857042 /* JeeraTests */,
				42D12D9E29010F6E00857042 /* JeeraUITests */,
			);
		};
/* End PBXProject section */

/* Begin PBXResourcesBuildPhase section */
		42D12D7A29010F6C00857042 /* Resources */ = {
			isa = PBXResourcesBuildPhase;
			buildActionMask = 2147483647;
			files = (
				5712371F291027B900FB4F9E /* Settings.bundle in Resources */,
				429C799529078D1700DF942A /* Baloo2-ExtraBold.ttf in Resources */,
				429C799929078D1700DF942A /* Baloo2-Medium.ttf in Resources */,
				429C799A29078D1700DF942A /* OFL.txt in Resources */,
				42D12D8C29010F6D00857042 /* Assets.xcassets in Resources */,
				429C799829078D1700DF942A /* Baloo2-Regular.ttf in Resources */,
				429C799729078D1700DF942A /* Baloo2-SemiBold.ttf in Resources */,
				429C799629078D1700DF942A /* Baloo2-Bold.ttf in Resources */,
			);
			runOnlyForDeploymentPostprocessing = 0;
		};
		42D12D9329010F6D00857042 /* Resources */ = {
			isa = PBXResourcesBuildPhase;
			buildActionMask = 2147483647;
			files = (
			);
			runOnlyForDeploymentPostprocessing = 0;
		};
		42D12D9D29010F6E00857042 /* Resources */ = {
			isa = PBXResourcesBuildPhase;
			buildActionMask = 2147483647;
			files = (
			);
			runOnlyForDeploymentPostprocessing = 0;
		};
/* End PBXResourcesBuildPhase section */

/* Begin PBXSourcesBuildPhase section */
		42D12D7829010F6C00857042 /* Sources */ = {
			isa = PBXSourcesBuildPhase;
			buildActionMask = 2147483647;
			files = (
				43133068291EB23C0097A850 /* AnimalsListViewController.swift in Sources */,
				437D008C2907A66A005EB501 /* OverviewCardView.swift in Sources */,
				4373E8E62910C4BB0016F810 /* UIButtonExtension.swift in Sources */,
				439F90F3291A9D7A00320C17 /* MainViewControllerExtension.swift in Sources */,
				437D00912907A6B7005EB501 /* Constants.swift in Sources */,
				43FDF1832918031B00DAD0DA /* DetailStackView.swift in Sources */,
				42D12DC72901B8DF00857042 /* CustomDayStyle.swift in Sources */,
				4313306A291EC0910097A850 /* LoadingScreenUIView.swift in Sources */,
				4246460A2913E095005EB12A /* Navigation.swift in Sources */,
				4373E8EE2911534D0016F810 /* SearchButton.swift in Sources */,
				42D12DBF2901B16300857042 /* Animals.swift in Sources */,
				4373E8F9291363E40016F810 /* Map.swift in Sources */,
				42D12D8429010F6C00857042 /* ViewController.swift in Sources */,
				42D12D8A29010F6C00857042 /* Jeera.xcdatamodeld in Sources */,
				4371E4512919440E00F3C2C2 /* RecommendationsTableViewCell.swift in Sources */,
				4312457B290ABEF6003F7AB9 /* AnimalDetailViewController.swift in Sources */,
				42D2B3F429047A5A002818A9 /* UIViewExtension.swift in Sources */,
				4373E8FB29141DFA0016F810 /* AllDataTypes.swift in Sources */,
				437D008A2907A623005EB501 /* MainViewController.swift in Sources */,
				42D12D8029010F6C00857042 /* AppDelegate.swift in Sources */,
				43FDF17A2917FE6E00DAD0DA /* ClusterName.swift in Sources */,
				4373E8F42912C3430016F810 /* Facilities.swift in Sources */,
				4373E8F2291175C40016F810 /* SearchViewController.swift in Sources */,
				43FDF185291803DD00DAD0DA /* StartJourneyButton.swift in Sources */,
				43FDF1742916C3A200DAD0DA /* SearchBar.swift in Sources */,
				42836AF329118AF000301DE5 /* TopBarView.swift in Sources */,
				42836AED29117C1900301DE5 /* BottomBarView.swift in Sources */,
				42836AE929116EDC00301DE5 /* UIViewControllerExtension.swift in Sources */,
				42D12DCB2901B9FB00857042 /* NavigateViewController.swift in Sources */,
				4373E8E4291016000016F810 /* UIImageExtension.swift in Sources */,
				42D2B3F6290595ED002818A9 /* BottomBannerViewController.swift in Sources */,
				4373E8F62912C4A60016F810 /* Cages.swift in Sources */,
				43FDF17F291800BA00DAD0DA /* BackButton.swift in Sources */,
				4373E8E82910CD7F0016F810 /* SegmentedControl.swift in Sources */,
				43FDF187291804B700DAD0DA /* DetailInformationLabel.swift in Sources */,
				437D008F2907A69A005EB501 /* MapsHelper.swift in Sources */,
				42D12D8229010F6C00857042 /* SceneDelegate.swift in Sources */,
				43FDF1762916C56600DAD0DA /* BasicTableViewCell.swift in Sources */,
				42836AE729116E7B00301DE5 /* PrimaryButton.swift in Sources */,
				42836AEF29117D1900301DE5 /* HeadingLabel.swift in Sources */,
				4371E45A291956FF00F3C2C2 /* BasicModalLabel.swift in Sources */,
				4373E8EC291142390016F810 /* MonkeyLocationButton.swift in Sources */,
				425AD0D029022D4700754114 /* UIColorScheme.swift in Sources */,
				4371E45C291957D000F3C2C2 /* HorizontalLineView.swift in Sources */,
				43FDF181291801E500DAD0DA /* DetailLabel.swift in Sources */,
				4371E456291951E000F3C2C2 /* FacilitiesTableViewCell.swift in Sources */,
				42D12DC92901B93400857042 /* CustomNightStyle.swift in Sources */,
				42836AF529118B2200301DE5 /* TopBannerViewController.swift in Sources */,
				439F90F7291B567500320C17 /* OutlinedButton.swift in Sources */,
				42836AF129117D3A00301DE5 /* CaptionLabel.swift in Sources */,
			);
			runOnlyForDeploymentPostprocessing = 0;
		};
		42D12D9129010F6D00857042 /* Sources */ = {
			isa = PBXSourcesBuildPhase;
			buildActionMask = 2147483647;
			files = (
				42D12D9A29010F6D00857042 /* JeeraTests.swift in Sources */,
			);
			runOnlyForDeploymentPostprocessing = 0;
		};
		42D12D9B29010F6E00857042 /* Sources */ = {
			isa = PBXSourcesBuildPhase;
			buildActionMask = 2147483647;
			files = (
				42D12DA629010F6E00857042 /* JeeraUITestsLaunchTests.swift in Sources */,
				42D12DA429010F6E00857042 /* JeeraUITests.swift in Sources */,
			);
			runOnlyForDeploymentPostprocessing = 0;
		};
/* End PBXSourcesBuildPhase section */

/* Begin PBXTargetDependency section */
		42D12D9729010F6D00857042 /* PBXTargetDependency */ = {
			isa = PBXTargetDependency;
			target = 42D12D7B29010F6C00857042 /* Jeera */;
			targetProxy = 42D12D9629010F6D00857042 /* PBXContainerItemProxy */;
		};
		42D12DA129010F6E00857042 /* PBXTargetDependency */ = {
			isa = PBXTargetDependency;
			target = 42D12D7B29010F6C00857042 /* Jeera */;
			targetProxy = 42D12DA029010F6E00857042 /* PBXContainerItemProxy */;
		};
/* End PBXTargetDependency section */

/* Begin XCBuildConfiguration section */
		42D12DA729010F6E00857042 /* Debug */ = {
			isa = XCBuildConfiguration;
			buildSettings = {
				ALWAYS_SEARCH_USER_PATHS = NO;
				CLANG_ANALYZER_NONNULL = YES;
				CLANG_ANALYZER_NUMBER_OBJECT_CONVERSION = YES_AGGRESSIVE;
				CLANG_CXX_LANGUAGE_STANDARD = "gnu++20";
				CLANG_ENABLE_MODULES = YES;
				CLANG_ENABLE_OBJC_ARC = YES;
				CLANG_ENABLE_OBJC_WEAK = YES;
				CLANG_WARN_BLOCK_CAPTURE_AUTORELEASING = YES;
				CLANG_WARN_BOOL_CONVERSION = YES;
				CLANG_WARN_COMMA = YES;
				CLANG_WARN_CONSTANT_CONVERSION = YES;
				CLANG_WARN_DEPRECATED_OBJC_IMPLEMENTATIONS = YES;
				CLANG_WARN_DIRECT_OBJC_ISA_USAGE = YES_ERROR;
				CLANG_WARN_DOCUMENTATION_COMMENTS = YES;
				CLANG_WARN_EMPTY_BODY = YES;
				CLANG_WARN_ENUM_CONVERSION = YES;
				CLANG_WARN_INFINITE_RECURSION = YES;
				CLANG_WARN_INT_CONVERSION = YES;
				CLANG_WARN_NON_LITERAL_NULL_CONVERSION = YES;
				CLANG_WARN_OBJC_IMPLICIT_RETAIN_SELF = YES;
				CLANG_WARN_OBJC_LITERAL_CONVERSION = YES;
				CLANG_WARN_OBJC_ROOT_CLASS = YES_ERROR;
				CLANG_WARN_QUOTED_INCLUDE_IN_FRAMEWORK_HEADER = YES;
				CLANG_WARN_RANGE_LOOP_ANALYSIS = YES;
				CLANG_WARN_STRICT_PROTOTYPES = YES;
				CLANG_WARN_SUSPICIOUS_MOVE = YES;
				CLANG_WARN_UNGUARDED_AVAILABILITY = YES_AGGRESSIVE;
				CLANG_WARN_UNREACHABLE_CODE = YES;
				CLANG_WARN__DUPLICATE_METHOD_MATCH = YES;
				COPY_PHASE_STRIP = NO;
				DEBUG_INFORMATION_FORMAT = dwarf;
				ENABLE_STRICT_OBJC_MSGSEND = YES;
				ENABLE_TESTABILITY = YES;
				GCC_C_LANGUAGE_STANDARD = gnu11;
				GCC_DYNAMIC_NO_PIC = NO;
				GCC_NO_COMMON_BLOCKS = YES;
				GCC_OPTIMIZATION_LEVEL = 0;
				GCC_PREPROCESSOR_DEFINITIONS = (
					"DEBUG=1",
					"$(inherited)",
				);
				GCC_WARN_64_TO_32_BIT_CONVERSION = YES;
				GCC_WARN_ABOUT_RETURN_TYPE = YES_ERROR;
				GCC_WARN_UNDECLARED_SELECTOR = YES;
				GCC_WARN_UNINITIALIZED_AUTOS = YES_AGGRESSIVE;
				GCC_WARN_UNUSED_FUNCTION = YES;
				GCC_WARN_UNUSED_VARIABLE = YES;
				IPHONEOS_DEPLOYMENT_TARGET = 16.0;
				MTL_ENABLE_DEBUG_INFO = INCLUDE_SOURCE;
				MTL_FAST_MATH = YES;
				ONLY_ACTIVE_ARCH = YES;
				SDKROOT = iphoneos;
				SWIFT_ACTIVE_COMPILATION_CONDITIONS = DEBUG;
				SWIFT_OPTIMIZATION_LEVEL = "-Onone";
			};
			name = Debug;
		};
		42D12DA829010F6E00857042 /* Release */ = {
			isa = XCBuildConfiguration;
			buildSettings = {
				ALWAYS_SEARCH_USER_PATHS = NO;
				CLANG_ANALYZER_NONNULL = YES;
				CLANG_ANALYZER_NUMBER_OBJECT_CONVERSION = YES_AGGRESSIVE;
				CLANG_CXX_LANGUAGE_STANDARD = "gnu++20";
				CLANG_ENABLE_MODULES = YES;
				CLANG_ENABLE_OBJC_ARC = YES;
				CLANG_ENABLE_OBJC_WEAK = YES;
				CLANG_WARN_BLOCK_CAPTURE_AUTORELEASING = YES;
				CLANG_WARN_BOOL_CONVERSION = YES;
				CLANG_WARN_COMMA = YES;
				CLANG_WARN_CONSTANT_CONVERSION = YES;
				CLANG_WARN_DEPRECATED_OBJC_IMPLEMENTATIONS = YES;
				CLANG_WARN_DIRECT_OBJC_ISA_USAGE = YES_ERROR;
				CLANG_WARN_DOCUMENTATION_COMMENTS = YES;
				CLANG_WARN_EMPTY_BODY = YES;
				CLANG_WARN_ENUM_CONVERSION = YES;
				CLANG_WARN_INFINITE_RECURSION = YES;
				CLANG_WARN_INT_CONVERSION = YES;
				CLANG_WARN_NON_LITERAL_NULL_CONVERSION = YES;
				CLANG_WARN_OBJC_IMPLICIT_RETAIN_SELF = YES;
				CLANG_WARN_OBJC_LITERAL_CONVERSION = YES;
				CLANG_WARN_OBJC_ROOT_CLASS = YES_ERROR;
				CLANG_WARN_QUOTED_INCLUDE_IN_FRAMEWORK_HEADER = YES;
				CLANG_WARN_RANGE_LOOP_ANALYSIS = YES;
				CLANG_WARN_STRICT_PROTOTYPES = YES;
				CLANG_WARN_SUSPICIOUS_MOVE = YES;
				CLANG_WARN_UNGUARDED_AVAILABILITY = YES_AGGRESSIVE;
				CLANG_WARN_UNREACHABLE_CODE = YES;
				CLANG_WARN__DUPLICATE_METHOD_MATCH = YES;
				COPY_PHASE_STRIP = NO;
				DEBUG_INFORMATION_FORMAT = "dwarf-with-dsym";
				ENABLE_NS_ASSERTIONS = NO;
				ENABLE_STRICT_OBJC_MSGSEND = YES;
				GCC_C_LANGUAGE_STANDARD = gnu11;
				GCC_NO_COMMON_BLOCKS = YES;
				GCC_WARN_64_TO_32_BIT_CONVERSION = YES;
				GCC_WARN_ABOUT_RETURN_TYPE = YES_ERROR;
				GCC_WARN_UNDECLARED_SELECTOR = YES;
				GCC_WARN_UNINITIALIZED_AUTOS = YES_AGGRESSIVE;
				GCC_WARN_UNUSED_FUNCTION = YES;
				GCC_WARN_UNUSED_VARIABLE = YES;
				IPHONEOS_DEPLOYMENT_TARGET = 16.0;
				MTL_ENABLE_DEBUG_INFO = NO;
				MTL_FAST_MATH = YES;
				SDKROOT = iphoneos;
				SWIFT_COMPILATION_MODE = wholemodule;
				SWIFT_OPTIMIZATION_LEVEL = "-O";
				VALIDATE_PRODUCT = YES;
			};
			name = Release;
		};
		42D12DAA29010F6E00857042 /* Debug */ = {
			isa = XCBuildConfiguration;
			buildSettings = {
				ASSETCATALOG_COMPILER_APPICON_NAME = AppIcon;
				ASSETCATALOG_COMPILER_GLOBAL_ACCENT_COLOR_NAME = AccentColor;
				CODE_SIGN_STYLE = Automatic;
				CURRENT_PROJECT_VERSION = 1;
				DEVELOPMENT_TEAM = 7PHRUAQA32;
				GENERATE_INFOPLIST_FILE = YES;
				INFOPLIST_FILE = Jeera/Info.plist;
				INFOPLIST_KEY_NSLocationAlwaysAndWhenInUseUsageDescription = "Turn on location to get directions.";
				INFOPLIST_KEY_NSLocationWhenInUseUsageDescription = "Turn on location to get directions.";
				INFOPLIST_KEY_UIApplicationSupportsIndirectInputEvents = YES;
				INFOPLIST_KEY_UILaunchStoryboardName = LaunchScreen;
				INFOPLIST_KEY_UISupportedInterfaceOrientations_iPad = "UIInterfaceOrientationPortrait UIInterfaceOrientationPortraitUpsideDown UIInterfaceOrientationLandscapeLeft UIInterfaceOrientationLandscapeRight";
				INFOPLIST_KEY_UISupportedInterfaceOrientations_iPhone = "UIInterfaceOrientationPortrait UIInterfaceOrientationLandscapeLeft UIInterfaceOrientationLandscapeRight";
				LD_RUNPATH_SEARCH_PATHS = (
					"$(inherited)",
					"@executable_path/Frameworks",
				);
				MARKETING_VERSION = 1.0;
				PRODUCT_BUNDLE_IDENTIFIER = com.wildanbudi.Jeera;
				PRODUCT_NAME = "$(TARGET_NAME)";
				SWIFT_EMIT_LOC_STRINGS = YES;
				SWIFT_VERSION = 5.0;
				TARGETED_DEVICE_FAMILY = "1,2";
			};
			name = Debug;
		};
		42D12DAB29010F6E00857042 /* Release */ = {
			isa = XCBuildConfiguration;
			buildSettings = {
				ASSETCATALOG_COMPILER_APPICON_NAME = AppIcon;
				ASSETCATALOG_COMPILER_GLOBAL_ACCENT_COLOR_NAME = AccentColor;
				CODE_SIGN_STYLE = Automatic;
				CURRENT_PROJECT_VERSION = 1;
				DEVELOPMENT_TEAM = 7PHRUAQA32;
				GENERATE_INFOPLIST_FILE = YES;
				INFOPLIST_FILE = Jeera/Info.plist;
				INFOPLIST_KEY_NSLocationAlwaysAndWhenInUseUsageDescription = "Turn on location to get directions.";
				INFOPLIST_KEY_NSLocationWhenInUseUsageDescription = "Turn on location to get directions.";
				INFOPLIST_KEY_UIApplicationSupportsIndirectInputEvents = YES;
				INFOPLIST_KEY_UILaunchStoryboardName = LaunchScreen;
				INFOPLIST_KEY_UISupportedInterfaceOrientations_iPad = "UIInterfaceOrientationPortrait UIInterfaceOrientationPortraitUpsideDown UIInterfaceOrientationLandscapeLeft UIInterfaceOrientationLandscapeRight";
				INFOPLIST_KEY_UISupportedInterfaceOrientations_iPhone = "UIInterfaceOrientationPortrait UIInterfaceOrientationLandscapeLeft UIInterfaceOrientationLandscapeRight";
				LD_RUNPATH_SEARCH_PATHS = (
					"$(inherited)",
					"@executable_path/Frameworks",
				);
				MARKETING_VERSION = 1.0;
				PRODUCT_BUNDLE_IDENTIFIER = com.wildanbudi.Jeera;
				PRODUCT_NAME = "$(TARGET_NAME)";
				SWIFT_EMIT_LOC_STRINGS = YES;
				SWIFT_VERSION = 5.0;
				TARGETED_DEVICE_FAMILY = "1,2";
			};
			name = Release;
		};
		42D12DAD29010F6E00857042 /* Debug */ = {
			isa = XCBuildConfiguration;
			buildSettings = {
				ALWAYS_EMBED_SWIFT_STANDARD_LIBRARIES = YES;
				BUNDLE_LOADER = "$(TEST_HOST)";
				CODE_SIGN_STYLE = Automatic;
				CURRENT_PROJECT_VERSION = 1;
				DEVELOPMENT_TEAM = KJUW4SG84H;
				GENERATE_INFOPLIST_FILE = YES;
				IPHONEOS_DEPLOYMENT_TARGET = 16.0;
				MARKETING_VERSION = 1.0;
				PRODUCT_BUNDLE_IDENTIFIER = com.wildanbudi.JeeraTests;
				PRODUCT_NAME = "$(TARGET_NAME)";
				SWIFT_EMIT_LOC_STRINGS = NO;
				SWIFT_VERSION = 5.0;
				TARGETED_DEVICE_FAMILY = "1,2";
				TEST_HOST = "$(BUILT_PRODUCTS_DIR)/Jeera.app/$(BUNDLE_EXECUTABLE_FOLDER_PATH)/Jeera";
			};
			name = Debug;
		};
		42D12DAE29010F6E00857042 /* Release */ = {
			isa = XCBuildConfiguration;
			buildSettings = {
				ALWAYS_EMBED_SWIFT_STANDARD_LIBRARIES = YES;
				BUNDLE_LOADER = "$(TEST_HOST)";
				CODE_SIGN_STYLE = Automatic;
				CURRENT_PROJECT_VERSION = 1;
				DEVELOPMENT_TEAM = KJUW4SG84H;
				GENERATE_INFOPLIST_FILE = YES;
				IPHONEOS_DEPLOYMENT_TARGET = 16.0;
				MARKETING_VERSION = 1.0;
				PRODUCT_BUNDLE_IDENTIFIER = com.wildanbudi.JeeraTests;
				PRODUCT_NAME = "$(TARGET_NAME)";
				SWIFT_EMIT_LOC_STRINGS = NO;
				SWIFT_VERSION = 5.0;
				TARGETED_DEVICE_FAMILY = "1,2";
				TEST_HOST = "$(BUILT_PRODUCTS_DIR)/Jeera.app/$(BUNDLE_EXECUTABLE_FOLDER_PATH)/Jeera";
			};
			name = Release;
		};
		42D12DB029010F6E00857042 /* Debug */ = {
			isa = XCBuildConfiguration;
			buildSettings = {
				ALWAYS_EMBED_SWIFT_STANDARD_LIBRARIES = YES;
				CODE_SIGN_STYLE = Automatic;
				CURRENT_PROJECT_VERSION = 1;
				DEVELOPMENT_TEAM = KJUW4SG84H;
				GENERATE_INFOPLIST_FILE = YES;
				MARKETING_VERSION = 1.0;
				PRODUCT_BUNDLE_IDENTIFIER = com.wildanbudi.JeeraUITests;
				PRODUCT_NAME = "$(TARGET_NAME)";
				SWIFT_EMIT_LOC_STRINGS = NO;
				SWIFT_VERSION = 5.0;
				TARGETED_DEVICE_FAMILY = "1,2";
				TEST_TARGET_NAME = Jeera;
			};
			name = Debug;
		};
		42D12DB129010F6E00857042 /* Release */ = {
			isa = XCBuildConfiguration;
			buildSettings = {
				ALWAYS_EMBED_SWIFT_STANDARD_LIBRARIES = YES;
				CODE_SIGN_STYLE = Automatic;
				CURRENT_PROJECT_VERSION = 1;
				DEVELOPMENT_TEAM = KJUW4SG84H;
				GENERATE_INFOPLIST_FILE = YES;
				MARKETING_VERSION = 1.0;
				PRODUCT_BUNDLE_IDENTIFIER = com.wildanbudi.JeeraUITests;
				PRODUCT_NAME = "$(TARGET_NAME)";
				SWIFT_EMIT_LOC_STRINGS = NO;
				SWIFT_VERSION = 5.0;
				TARGETED_DEVICE_FAMILY = "1,2";
				TEST_TARGET_NAME = Jeera;
			};
			name = Release;
		};
/* End XCBuildConfiguration section */

/* Begin XCConfigurationList section */
		42D12D7729010F6C00857042 /* Build configuration list for PBXProject "Jeera" */ = {
			isa = XCConfigurationList;
			buildConfigurations = (
				42D12DA729010F6E00857042 /* Debug */,
				42D12DA829010F6E00857042 /* Release */,
			);
			defaultConfigurationIsVisible = 0;
			defaultConfigurationName = Release;
		};
		42D12DA929010F6E00857042 /* Build configuration list for PBXNativeTarget "Jeera" */ = {
			isa = XCConfigurationList;
			buildConfigurations = (
				42D12DAA29010F6E00857042 /* Debug */,
				42D12DAB29010F6E00857042 /* Release */,
			);
			defaultConfigurationIsVisible = 0;
			defaultConfigurationName = Release;
		};
		42D12DAC29010F6E00857042 /* Build configuration list for PBXNativeTarget "JeeraTests" */ = {
			isa = XCConfigurationList;
			buildConfigurations = (
				42D12DAD29010F6E00857042 /* Debug */,
				42D12DAE29010F6E00857042 /* Release */,
			);
			defaultConfigurationIsVisible = 0;
			defaultConfigurationName = Release;
		};
		42D12DAF29010F6E00857042 /* Build configuration list for PBXNativeTarget "JeeraUITests" */ = {
			isa = XCConfigurationList;
			buildConfigurations = (
				42D12DB029010F6E00857042 /* Debug */,
				42D12DB129010F6E00857042 /* Release */,
			);
			defaultConfigurationIsVisible = 0;
			defaultConfigurationName = Release;
		};
/* End XCConfigurationList section */

/* Begin XCRemoteSwiftPackageReference section */
		42D12DB22901AD5600857042 /* XCRemoteSwiftPackageReference "mapbox-navigation-ios" */ = {
			isa = XCRemoteSwiftPackageReference;
			repositoryURL = "https://github.com/mapbox/mapbox-navigation-ios.git";
			requirement = {
				branch = main;
				kind = branch;
			};
		};
/* End XCRemoteSwiftPackageReference section */

/* Begin XCSwiftPackageProductDependency section */
		42D12DB32901AD5600857042 /* MapboxCoreNavigation */ = {
			isa = XCSwiftPackageProductDependency;
			package = 42D12DB22901AD5600857042 /* XCRemoteSwiftPackageReference "mapbox-navigation-ios" */;
			productName = MapboxCoreNavigation;
		};
		42D12DB52901AD5600857042 /* MapboxNavigation */ = {
			isa = XCSwiftPackageProductDependency;
			package = 42D12DB22901AD5600857042 /* XCRemoteSwiftPackageReference "mapbox-navigation-ios" */;
			productName = MapboxNavigation;
		};
/* End XCSwiftPackageProductDependency section */

/* Begin XCVersionGroup section */
		42D12D8829010F6C00857042 /* Jeera.xcdatamodeld */ = {
			isa = XCVersionGroup;
			children = (
				42D12D8929010F6C00857042 /* Jeera.xcdatamodel */,
			);
			currentVersion = 42D12D8929010F6C00857042 /* Jeera.xcdatamodel */;
			path = Jeera.xcdatamodeld;
			sourceTree = "<group>";
			versionGroupType = wrapper.xcdatamodel;
		};
/* End XCVersionGroup section */
	};
	rootObject = 42D12D7429010F6C00857042 /* Project object */;
}
